
Microsoft Visual Studio Solution File, Format Version 12.00
# Visual Studio 14
VisualStudioVersion = 14.0.25420.1
MinimumVisualStudioVersion = 10.0.40219.1
Project("{FAE04EC0-301F-11D3-BF4B-00C04F79EFBC}") = "KutuphaneOtomasyon.WEB", "KutuphaneOtomasyon.WEB\KutuphaneOtomasyon.WEB.csproj", "{CAC72F8E-C995-4D91-AD9A-7876DB2061A3}"
EndProject
Project("{FAE04EC0-301F-11D3-BF4B-00C04F79EFBC}") = "KutuphaneOtomasyon.Entity", "KutuphaneOtomasyon.Entity\KutuphaneOtomasyon.Entity.csproj", "{5E11E7AB-388D-4B6F-BF52-E22BCDA8AAB2}"
EndProject
Project("{FAE04EC0-301F-11D3-BF4B-00C04F79EFBC}") = "KutuphaneOtomasyon.DAL", "KutuphaneOtomasyon.DAL\KutuphaneOtomasyon.DAL.csproj", "{B9011802-5091-4E5F-9B83-3EF9D8346FF8}"
EndProject
Global
	GlobalSection(SolutionConfigurationPlatforms) = preSolution
		Debug|Any CPU = Debug|Any CPU
		Release|Any CPU = Release|Any CPU
	EndGlobalSection
	GlobalSection(ProjectConfigurationPlatforms) = postSolution
		{CAC72F8E-C995-4D91-AD9A-7876DB2061A3}.Debug|Any CPU.ActiveCfg = Debug|Any CPU
		{CAC72F8E-C995-4D91-AD9A-7876DB2061A3}.Debug|Any CPU.Build.0 = Debug|Any CPU
		{CAC72F8E-C995-4D91-AD9A-7876DB2061A3}.Release|Any CPU.ActiveCfg = Release|Any CPU
		{CAC72F8E-C995-4D91-AD9A-7876DB2061A3}.Release|Any CPU.Build.0 = Release|Any CPU
		{5E11E7AB-388D-4B6F-BF52-E22BCDA8AAB2}.Debug|Any CPU.ActiveCfg = Debug|Any CPU
		{5E11E7AB-388D-4B6F-BF52-E22BCDA8AAB2}.Debug|Any CPU.Build.0 = Debug|Any CPU
		{5E11E7AB-388D-4B6F-BF52-E22BCDA8AAB2}.Release|Any CPU.ActiveCfg = Release|Any CPU
		{5E11E7AB-388D-4B6F-BF52-E22BCDA8AAB2}.Release|Any CPU.Build.0 = Release|Any CPU
		{B9011802-5091-4E5F-9B83-3EF9D8346FF8}.Debug|Any CPU.ActiveCfg = Debug|Any CPU
		{B9011802-5091-4E5F-9B83-3EF9D8346FF8}.Debug|Any CPU.Build.0 = Debug|Any CPU
		{B9011802-5091-4E5F-9B83-3EF9D8346FF8}.Release|Any CPU.ActiveCfg = Release|Any CPU
		{B9011802-5091-4E5F-9B83-3EF9D8346FF8}.Release|Any CPU.Build.0 = Release|Any CPU
	EndGlobalSection
	GlobalSection(SolutionProperties) = preSolution
		HideSolutionNode = FALSE
	EndGlobalSection
EndGlobal
